{
  "name": "in-browser-server",
  "lockfileVersion": 3,
  "requires": true,
  "packages": {
    "": {
      "dependencies": {
        "@electric-sql/pglite": "^0.4.6"
      }
    },
    "node_modules/@electric-sql/pglite": {
      "version": "0.4.6",
      "resolved": "https://registry.npmjs.org/@electric-sql/pglite/-/pglite-0.4.6.tgz",
      "integrity": "sha512-qmlmfN8UyKCee35qkV0r/MBp+Znl8FjBz7OpoglNvww3GJpw0/DLP0o1ZymvLNmcD5DTLOQdzKPtF8Hd3mdl1w==",
      "license": "Apache-2.0"
    }
  }
}
